
Microsoft Visual Studio Solution File, Format Version 12.00
# Visual Studio Version 16
VisualStudioVersion = 16.0.31321.278
MinimumVisualStudioVersion = 10.0.40219.1
Project("{9A19103F-16F7-4668-BE54-9A1E7A4F7556}") = "Asteroids", "Asteroids.csproj", "{536EEF76-9AD5-481C-A8CC-59A0603B63A2}"
EndProject
Global
	GlobalSection(SolutionConfigurationPlatforms) = preSolution
		Debug|Any CPU = Debug|Any CPU
		Release|Any CPU = Release|Any CPU
	EndGlobalSection
	GlobalSection(ProjectConfigurationPlatforms) = postSolution
		{536EEF76-9AD5-481C-A8CC-59A0603B63A2}.Debug|Any CPU.ActiveCfg = Debug|Any CPU
		{536EEF76-9AD5-481C-A8CC-59A0603B63A2}.Debug|Any CPU.Build.0 = Debug|Any CPU
		{536EEF76-9AD5-481C-A8CC-59A0603B63A2}.Release|Any CPU.ActiveCfg = Release|Any CPU
		{536EEF76-9AD5-481C-A8CC-59A0603B63A2}.Release|Any CPU.Build.0 = Release|Any CPU
	EndGlobalSection
	GlobalSection(SolutionProperties) = preSolution
		HideSolutionNode = FALSE
	EndGlobalSection
	GlobalSection(ExtensibilityGlobals) = postSolution
		SolutionGuid = {82B73AB7-31ED-4178-A4AC-C4992C0667CE}
	EndGlobalSection
EndGlobal
